// !$*UTF8*$!
{
	archiveVersion = 1;
	classes = {
	};
	objectVersion = 46;
	objects = {

/* Begin PBXBuildFile section */
		5A952A101B5BBDAA008B7DA6 /* AppDelegate.swift in Sources */ = {isa = PBXBuildFile; fileRef = 5A952A0F1B5BBDAA008B7DA6 /* AppDelegate.swift */; };
		5A952A121B5BBDAA008B7DA6 /* ViewController.swift in Sources */ = {isa = PBXBuildFile; fileRef = 5A952A111B5BBDAA008B7DA6 /* ViewController.swift */; };
		5A952A151B5BBDAA008B7DA6 /* Main.storyboard in Resources */ = {isa = PBXBuildFile; fileRef = 5A952A131B5BBDAA008B7DA6 /* Main.storyboard */; };
		5A952A171B5BBDAA008B7DA6 /* Images.xcassets in Resources */ = {isa = PBXBuildFile; fileRef = 5A952A161B5BBDAA008B7DA6 /* Images.xcassets */; };
		5A952A1A1B5BBDAA008B7DA6 /* LaunchScreen.xib in Resources */ = {isa = PBXBuildFile; fileRef = 5A952A181B5BBDAA008B7DA6 /* LaunchScreen.xib */; };
		5A952A261B5BBDAA008B7DA6 /* sundayTests.swift in Sources */ = {isa = PBXBuildFile; fileRef = 5A952A251B5BBDAA008B7DA6 /* sundayTests.swift */; };
/* End PBXBuildFile section */

/* Begin PBXContainerItemProxy section */
		5A952A201B5BBDAA008B7DA6 /* PBXContainerItemProxy */ = {
			isa = PBXContainerItemProxy;
			containerPortal = 5A952A021B5BBDAA008B7DA6 /* Project object */;
			proxyType = 1;
			remoteGlobalIDString = 5A952A091B5BBDAA008B7DA6;
			remoteInfo = sunday;
		};
/* End PBXContainerItemProxy section */

/* Begin PBXFileReference section */
		5A952A0A1B5BBDAA008B7DA6 /* sunday.app */ = {isa = PBXFileReference; explicitFileType = wrapper.application; includeInIndex = 0; path = sunday.app; sourceTree = BUILT_PRODUCTS_DIR; };
		5A952A0E1B5BBDAA008B7DA6 /* Info.plist */ = {isa = PBXFileReference; lastKnownFileType = text.plist.xml; path = Info.plist; sourceTree = "<group>"; };
		5A952A0F1B5BBDAA008B7DA6 /* AppDelegate.swift */ = {isa = PBXFileReference; lastKnownFileType = sourcecode.swift; path = AppDelegate.swift; sourceTree = "<group>"; };
		5A952A111B5BBDAA008B7DA6 /* ViewController.swift */ = {isa = PBXFileReference; lastKnownFileType = sourcecode.swift; path = ViewController.swift; sourceTree = "<group>"; };
		5A952A141B5BBDAA008B7DA6 /* Base */ = {isa = PBXFileReference; lastKnownFileType = file.storyboard; name = Base; path = Base.lproj/Main.storyboard; sourceTree = "<group>"; };
		5A952A161B5BBDAA008B7DA6 /* Images.xcassets */ = {isa = PBXFileReference; lastKnownFileType = folder.assetcatalog; path = Images.xcassets; sourceTree = "<group>"; };
		5A952A191B5BBDAA008B7DA6 /* Base */ = {isa = PBXFileReference; lastKnownFileType = file.xib; name = Base; path = Base.lproj/LaunchScreen.xib; sourceTree = "<group>"; };
		5A952A1F1B5BBDAA008B7DA6 /* sundayTests.xctest */ = {isa = PBXFileReference; explicitFileType = wrapper.cfbundle; includeInIndex = 0; path = sundayTests.xctest; sourceTree = BUILT_PRODUCTS_DIR; };
		5A952A241B5BBDAA008B7DA6 /* Info.plist */ = {isa = PBXFileReference; lastKnownFileType = text.plist.xml; path = Info.plist; sourceTree = "<group>"; };
		5A952A251B5BBDAA008B7DA6 /* sundayTests.swift */ = {isa = PBXFileReference; lastKnownFileType = sourcecode.swift; path = sundayTests.swift; sourceTree = "<group>"; };
/* End PBXFileReference section */

/* Begin PBXFrameworksBuildPhase section */
		5A952A071B5BBDAA008B7DA6 /* Frameworks */ = {
			isa = PBXFrameworksBuildPhase;
			buildActionMask = 2147483647;
			files = (
			);
			runOnlyForDeploymentPostprocessing = 0;
		};
		5A952A1C1B5BBDAA008B7DA6 /* Frameworks */ = {
			isa = PBXFrameworksBuildPhase;
			buildActionMask = 2147483647;
			files = (
			);
			runOnlyForDeploymentPostprocessing = 0;
		};
/* End PBXFrameworksBuildPhase section */

/* Begin PBXGroup section */
		5A952A011B5BBDAA008B7DA6 = {
			isa = PBXGroup;
			children = (
				5A952A0C1B5BBDAA008B7DA6 /* sunday */,
				5A952A221B5BBDAA008B7DA6 /* sundayTests */,
				5A952A0B1B5BBDAA008B7DA6 /* Products */,
			);
			sourceTree = "<group>";
		};
		5A952A0B1B5BBDAA008B7DA6 /* Products */ = {
			isa = PBXGroup;
			children = (
				5A952A0A1B5BBDAA008B7DA6 /* sunday.app */,
				5A952A1F1B5BBDAA008B7DA6 /* sundayTests.xctest */,
			);
			name = Products;
			sourceTree = "<group>";
		};
		5A952A0C1B5BBDAA008B7DA6 /* sunday */ = {
			isa = PBXGroup;
			children = (
				5A952A0F1B5BBDAA008B7DA6 /* AppDelegate.swift */,
				5A952A111B5BBDAA008B7DA6 /* ViewController.swift */,
				5A952A131B5BBDAA008B7DA6 /* Main.storyboard */,
				5A952A161B5BBDAA008B7DA6 /* Images.xcassets */,
				5A952A181B5BBDAA008B7DA6 /* LaunchScreen.xib */,
				5A952A0D1B5BBDAA008B7DA6 /* Supporting Files */,
			);
			path = sunday;
			sourceTree = "<group>";
		};
		5A952A0D1B5BBDAA008B7DA6 /* Supporting Files */ = {
			isa = PBXGroup;
			children = (
				5A952A0E1B5BBDAA008B7DA6 /* Info.plist */,
			);
			name = "Supporting Files";
			sourceTree = "<group>";
		};
		5A952A221B5BBDAA008B7DA6 /* sundayTests */ = {
			isa = PBXGroup;
			children = (
				5A952A251B5BBDAA008B7DA6 /* sundayTests.swift */,
				5A952A231B5BBDAA008B7DA6 /* Supporting Files */,
			);
			path = sundayTests;
			sourceTree = "<group>";
		};
		5A952A231B5BBDAA008B7DA6 /* Supporting Files */ = {
			isa = PBXGroup;
			children = (
				5A952A241B5BBDAA008B7DA6 /* Info.plist */,
			);
			name = "Supporting Files";
			sourceTree = "<group>";
		};
/* End PBXGroup section */

/* Begin PBXNativeTarget section */
		5A952A091B5BBDAA008B7DA6 /* sunday */ = {
			isa = PBXNativeTarget;
			buildConfigurationList = 5A952A291B5BBDAA008B7DA6 /* Build configuration list for PBXNativeTarget "sunday" */;
			buildPhases = (
				5A952A061B5BBDAA008B7DA6 /* Sources */,
				5A952A071B5BBDAA008B7DA6 /* Frameworks */,
				5A952A081B5BBDAA008B7DA6 /* Resources */,
			);
			buildRules = (
			);
			dependencies = (
			);
			name = sunday;
			productName = sunday;
			productReference = 5A952A0A1B5BBDAA008B7DA6 /* sunday.app */;
			productType = "com.apple.product-type.application";
		};
		5A952A1E1B5BBDAA008B7DA6 /* sundayTests */ = {
			isa = PBXNativeTarget;
			buildConfigurationList = 5A952A2C1B5BBDAA008B7DA6 /* Build configuration list for PBXNativeTarget "sundayTests" */;
			buildPhases = (
				5A952A1B1B5BBDAA008B7DA6 /* Sources */,
				5A952A1C1B5BBDAA008B7DA6 /* Frameworks */,
				5A952A1D1B5BBDAA008B7DA6 /* Resources */,
			);
			buildRules = (
			);
			dependencies = (
				5A952A211B5BBDAA008B7DA6 /* PBXTargetDependency */,
			);
			name = sundayTests;
			productName = sundayTests;
			productReference = 5A952A1F1B5BBDAA008B7DA6 /* sundayTests.xctest */;
			productType = "com.apple.product-type.bundle.unit-test";
		};
/* End PBXNativeTarget section */

/* Begin PBXProject section */
		5A952A021B5BBDAA008B7DA6 /* Project object */ = {
			isa = PBXProject;
			attributes = {
				LastUpgradeCheck = 0630;
				ORGANIZATIONNAME = CQ;
				TargetAttributes = {
					5A952A091B5BBDAA008B7DA6 = {
						CreatedOnToolsVersion = 6.3.2;
					};
					5A952A1E1B5BBDAA008B7DA6 = {
						CreatedOnToolsVersion = 6.3.2;
						TestTargetID = 5A952A091B5BBDAA008B7DA6;
					};
				};
			};
			buildConfigurationList = 5A952A051B5BBDAA008B7DA6 /* Build configuration list for PBXProject "sunday" */;
			compatibilityVersion = "Xcode 3.2";
			developmentRegion = English;
			hasScannedForEncodings = 0;
			knownRegions = (
				en,
				Base,
			);
			mainGroup = 5A952A011B5BBDAA008B7DA6;
			productRefGroup = 5A952A0B1B5BBDAA008B7DA6 /* Products */;
			projectDirPath = "";
			projectRoot = "";
			targets = (
				5A952A091B5BBDAA008B7DA6 /* sunday */,
				5A952A1E1B5BBDAA008B7DA6 /* sundayTests */,
			);
		};
/* End PBXProject section */

/* Begin PBXResourcesBuildPhase section */
		5A952A081B5BBDAA008B7DA6 /* Resources */ = {
			isa = PBXResourcesBuildPhase;
			buildActionMask = 2147483647;
			files = (
				5A952A151B5BBDAA008B7DA6 /* Main.storyboard in Resources */,
				5A952A1A1B5BBDAA008B7DA6 /* LaunchScreen.xib in Resources */,
				5A952A171B5BBDAA008B7DA6 /* Images.xcassets in Resources */,
			);
			runOnlyForDeploymentPostprocessing = 0;
		};
		5A952A1D1B5BBDAA008B7DA6 /* Resources */ = {
			isa = PBXResourcesBuildPhase;
			buildActionMask = 2147483647;
			files = (
			);
			runOnlyForDeploymentPostprocessing = 0;
		};
/* End PBXResourcesBuildPhase section */

/* Begin PBXSourcesBuildPhase section */
		5A952A061B5BBDAA008B7DA6 /* Sources */ = {
			isa = PBXSourcesBuildPhase;
			buildActionMask = 2147483647;
			files = (
				5A952A121B5BBDAA008B7DA6 /* ViewController.swift in Sources */,
				5A952A101B5BBDAA008B7DA6 /* AppDelegate.swift in Sources */,
			);
			runOnlyForDeploymentPostprocessing = 0;
		};
		5A952A1B1B5BBDAA008B7DA6 /* Sources */ = {
			isa = PBXSourcesBuildPhase;
			buildActionMask = 2147483647;
			files = (
				5A952A261B5BBDAA008B7DA6 /* sundayTests.swift in Sources */,
			);
			runOnlyForDeploymentPostprocessing = 0;
		};
/* End PBXSourcesBuildPhase section */

/* Begin PBXTargetDependency section */
		5A952A211B5BBDAA008B7DA6 /* PBXTargetDependency */ = {
			isa = PBXTargetDependency;
			target = 5A952A091B5BBDAA008B7DA6 /* sunday */;
			targetProxy = 5A952A201B5BBDAA008B7DA6 /* PBXContainerItemProxy */;
		};
/* End PBXTargetDependency section */

/* Begin PBXVariantGroup section */
		5A952A131B5BBDAA008B7DA6 /* Main.storyboard */ = {
			isa = PBXVariantGroup;
			children = (
				5A952A141B5BBDAA008B7DA6 /* Base */,
			);
			name = Main.storyboard;
			sourceTree = "<group>";
		};
		5A952A181B5BBDAA008B7DA6 /* LaunchScreen.xib */ = {
			isa = PBXVariantGroup;
			children = (
				5A952A191B5BBDAA008B7DA6 /* Base */,
			);
			name = LaunchScreen.xib;
			sourceTree = "<group>";
		};
/* End PBXVariantGroup section */

/* Begin XCBuildConfiguration section */
		5A952A271B5BBDAA008B7DA6 /* Debug */ = {
			isa = XCBuildConfiguration;
			buildSettings = {
				ALWAYS_SEARCH_USER_PATHS = NO;
				CLANG_CXX_LANGUAGE_STANDARD = "gnu++0x";
				CLANG_CXX_LIBRARY = "libc++";
				CLANG_ENABLE_MODULES = YES;
				CLANG_ENABLE_OBJC_ARC = YES;
				CLANG_WARN_BOOL_CONVERSION = YES;
				CLANG_WARN_CONSTANT_CONVERSION = YES;
				CLANG_WARN_DIRECT_OBJC_ISA_USAGE = YES_ERROR;
				CLANG_WARN_EMPTY_BODY = YES;
				CLANG_WARN_ENUM_CONVERSION = YES;
				CLANG_WARN_INT_CONVERSION = YES;
				CLANG_WARN_OBJC_ROOT_CLASS = YES_ERROR;
				CLANG_WARN_UNREACHABLE_CODE = YES;
				CLANG_WARN__DUPLICATE_METHOD_MATCH = YES;
				"CODE_SIGN_IDENTITY[sdk=iphoneos*]" = "iPhone Developer";
				COPY_PHASE_STRIP = NO;
				DEBUG_INFORMATION_FORMAT = "dwarf-with-dsym";
				ENABLE_STRICT_OBJC_MSGSEND = YES;
				GCC_C_LANGUAGE_STANDARD = gnu99;
				GCC_DYNAMIC_NO_PIC = NO;
				GCC_NO_COMMON_BLOCKS = YES;
				GCC_OPTIMIZATION_LEVEL = 0;
				GCC_PREPROCESSOR_DEFINITIONS = (
					"DEBUG=1",
					"$(inherited)",
				);
				GCC_SYMBOLS_PRIVATE_EXTERN = NO;
				GCC_WARN_64_TO_32_BIT_CONVERSION = YES;
				GCC_WARN_ABOUT_RETURN_TYPE = YES_ERROR;
				GCC_WARN_UNDECLARED_SELECTOR = YES;
				GCC_WARN_UNINITIALIZED_AUTOS = YES_AGGRESSIVE;
				GCC_WARN_UNUSED_FUNCTION = YES;
				GCC_WARN_UNUSED_VARIABLE = YES;
				IPHONEOS_DEPLOYMENT_TARGET = 8.3;
				MTL_ENABLE_DEBUG_INFO = YES;
				ONLY_ACTIVE_ARCH = YES;
				SDKROOT = iphoneos;
				SWIFT_OPTIMIZATION_LEVEL = "-Onone";
				TARGETED_DEVICE_FAMILY = "1,2";
			};
			name = Debug;
		};
		5A952A281B5BBDAA008B7DA6 /* Release */ = {
			isa = XCBuildConfiguration;
			buildSettings = {
				ALWAYS_SEARCH_USER_PATHS = NO;
				CLANG_CXX_LANGUAGE_STANDARD = "gnu++0x";
				CLANG_CXX_LIBRARY = "libc++";
				CLANG_ENABLE_MODULES = YES;
				CLANG_ENABLE_OBJC_ARC = YES;
				CLANG_WARN_BOOL_CONVERSION = YES;
				CLANG_WARN_CONSTANT_CONVERSION = YES;
				CLANG_WARN_DIRECT_OBJC_ISA_USAGE = YES_ERROR;
				CLANG_WARN_EMPTY_BODY = YES;
				CLANG_WARN_ENUM_CONVERSION = YES;
				CLANG_WARN_INT_CONVERSION = YES;
				CLANG_WARN_OBJC_ROOT_CLASS = YES_ERROR;
				CLANG_WARN_UNREACHABLE_CODE = YES;
				CLANG_WARN__DUPLICATE_METHOD_MATCH = YES;
				"CODE_SIGN_IDENTITY[sdk=iphoneos*]" = "iPhone Developer";
				COPY_PHASE_STRIP = NO;
				DEBUG_INFORMATION_FORMAT = "dwarf-with-dsym";
				ENABLE_NS_ASSERTIONS = NO;
				ENABLE_STRICT_OBJC_MSGSEND = YES;
				GCC_C_LANGUAGE_STANDARD = gnu99;
				GCC_NO_COMMON_BLOCKS = YES;
				GCC_WARN_64_TO_32_BIT_CONVERSION = YES;
				GCC_WARN_ABOUT_RETURN_TYPE = YES_ERROR;
				GCC_WARN_UNDECLARED_SELECTOR = YES;
				GCC_WARN_UNINITIALIZED_AUTOS = YES_AGGRESSIVE;
				GCC_WARN_UNUSED_FUNCTION = YES;
				GCC_WARN_UNUSED_VARIABLE = YES;
				IPHONEOS_DEPLOYMENT_TARGET = 8.3;
				MTL_ENABLE_DEBUG_INFO = NO;
				SDKROOT = iphoneos;
				TARGETED_DEVICE_FAMILY = "1,2";
				VALIDATE_PRODUCT = YES;
			};
			name = Release;
		};
		5A952A2A1B5BBDAA008B7DA6 /* Debug */ = {
			isa = XCBuildConfiguration;
			buildSettings = {
				ASSETCATALOG_COMPILER_APPICON_NAME = AppIcon;
				INFOPLIST_FILE = sunday/Info.plist;
				LD_RUNPATH_SEARCH_PATHS = "$(inherited) @executable_path/Frameworks";
				PRODUCT_NAME = "$(TARGET_NAME)";
			};
			name = Debug;
		};
		5A952A2B1B5BBDAA008B7DA6 /* Release */ = {
			isa = XCBuildConfiguration;
			buildSettings = {
				ASSETCATALOG_COMPILER_APPICON_NAME = AppIcon;
				INFOPLIST_FILE = sunday/Info.plist;
				LD_RUNPATH_SEARCH_PATHS = "$(inherited) @executable_path/Frameworks";
				PRODUCT_NAME = "$(TARGET_NAME)";
			};
			name = Release;
		};
		5A952A2D1B5BBDAA008B7DA6 /* Debug */ = {
			isa = XCBuildConfiguration;
			buildSettings = {
				BUNDLE_LOADER = "$(TEST_HOST)";
				FRAMEWORK_SEARCH_PATHS = (
					"$(SDKROOT)/Developer/Library/Frameworks",
					"$(inherited)",
				);
				GCC_PREPROCESSOR_DEFINITIONS = (
					"DEBUG=1",
					"$(inherited)",
				);
				INFOPLIST_FILE = sundayTests/Info.plist;
				LD_RUNPATH_SEARCH_PATHS = "$(inherited) @executable_path/Frameworks @loader_path/Frameworks";
				PRODUCT_NAME = "$(TARGET_NAME)";
				TEST_HOST = "$(BUILT_PRODUCTS_DIR)/sunday.app/sunday";
			};
			name = Debug;
		};
		5A952A2E1B5BBDAA008B7DA6 /* Release */ = {
			isa = XCBuildConfiguration;
			buildSettings = {
				BUNDLE_LOADER = "$(TEST_HOST)";
				FRAMEWORK_SEARCH_PATHS = (
					"$(SDKROOT)/Developer/Library/Frameworks",
					"$(inherited)",
				);
				INFOPLIST_FILE = sundayTests/Info.plist;
				LD_RUNPATH_SEARCH_PATHS = "$(inherited) @executable_path/Frameworks @loader_path/Frameworks";
				PRODUCT_NAME = "$(TARGET_NAME)";
				TEST_HOST = "$(BUILT_PRODUCTS_DIR)/sunday.app/sunday";
			};
			name = Release;
		};
/* End XCBuildConfiguration section */

/* Begin XCConfigurationList section */
		5A952A051B5BBDAA008B7DA6 /* Build configuration list for PBXProject "sunday" */ = {
			isa = XCConfigurationList;
			buildConfigurations = (
				5A952A271B5BBDAA008B7DA6 /* Debug */,
				5A952A281B5BBDAA008B7DA6 /* Release */,
			);
			defaultConfigurationIsVisible = 0;
			defaultConfigurationName = Release;
		};
		5A952A291B5BBDAA008B7DA6 /* Build configuration list for PBXNativeTarget "sunday" */ = {
			isa = XCConfigurationList;
			buildConfigurations = (
				5A952A2A1B5BBDAA008B7DA6 /* Debug */,
				5A952A2B1B5BBDAA008B7DA6 /* Release */,
			);
			defaultConfigurationIsVisible = 0;
		};
		5A952A2C1B5BBDAA008B7DA6 /* Build configuration list for PBXNativeTarget "sundayTests" */ = {
			isa = XCConfigurationList;
			buildConfigurations = (
				5A952A2D1B5BBDAA008B7DA6 /* Debug */,
				5A952A2E1B5BBDAA008B7DA6 /* Release */,
			);
			defaultConfigurationIsVisible = 0;
		};
/* End XCConfigurationList section */
	};
	rootObject = 5A952A021B5BBDAA008B7DA6 /* Project object */;
}
